{
  "version": 4,
  "terraform_version": "1.1.9",
  "serial": 61,
  "lineage": "34c4fee8-c135-b4bb-f476-b1e3117acc67",
  "outputs": {
    "first_ecs_key_pair_id": {
      "value": "dongzh",
      "type": "string"
    }
  },
  "resources": [
    {
      "mode": "data",
      "type": "alicloud_ecs_key_pairs",
      "name": "ali1",
      "provider": "provider[\"registry.terraform.io/aliyun/alicloud\"]",
      "instances": [
        {
          "schema_version": 0,
          "attributes": {
            "finger_print": null,
            "id": "710499533",
            "ids": [
              "dongzh"
            ],
            "key_pairs": [
              {
                "finger_print": "fb6e91ee6b17a6e3d8f11baab33fc623",
                "id": "dongzh",
                "instances": [],
                "key_name": "dongzh",
                "key_pair_name": "dongzh",
                "resource_group_id": "",
                "tags": {}
              }
            ],
            "name_regex": "dongzh",
            "names": [
              "dongzh"
            ],
            "output_file": null,
            "pairs": [
              {
                "finger_print": "fb6e91ee6b17a6e3d8f11baab33fc623",
                "id": "dongzh",
                "instances": [],
                "key_name": "dongzh",
                "key_pair_name": "dongzh",
                "resource_group_id": "",
                "tags": {}
              }
            ],
            "resource_group_id": null,
            "tags": null
          },
          "sensitive_attributes": []
        }
      ]
    },
    {
      "mode": "data",
      "type": "alicloud_images",
      "name": "default",
      "provider": "provider[\"registry.terraform.io/aliyun/alicloud\"]",
      "instances": [
        {
          "schema_version": 0,
          "attributes": {
            "action_type": null,
            "architecture": null,
            "dry_run": null,
            "id": "3224019046",
            "ids": [
              "ubuntu_20_04_x64_20G_alibase_20220428.vhd"
            ],
            "image_family": null,
            "image_id": null,
            "image_name": null,
            "image_owner_id": null,
            "images": [
              {
                "architecture": "x86_64",
                "creation_time": "2022-05-06T08:26:43Z",
                "description": "",
                "disk_device_mappings": [],
                "id": "ubuntu_20_04_x64_20G_alibase_20220428.vhd",
                "image_id": "ubuntu_20_04_x64_20G_alibase_20220428.vhd",
                "image_owner_alias": "system",
                "image_version": "",
                "is_copied": false,
                "is_self_shared": "",
                "is_subscribed": false,
                "is_support_io_optimized": true,
                "name": "ubuntu_20_04_x64_20G_alibase_20220428.vhd",
                "os_name": "Ubuntu  20.04 64位",
                "os_name_en": "Ubuntu  20.04 64 bit",
                "os_type": "linux",
                "platform": "Ubuntu",
                "product_code": "",
                "progress": "100%",
                "size": 20,
                "state": "Available",
                "status": "Available",
                "tags": {},
                "usage": "instance"
              }
            ],
            "instance_type": null,
            "is_support_cloud_init": null,
            "is_support_io_optimized": null,
            "most_recent": true,
            "name_regex": "^ubuntu",
            "os_type": null,
            "output_file": null,
            "owners": "system",
            "resource_group_id": null,
            "snapshot_id": null,
            "status": "Available",
            "tags": null,
            "usage": null
          },
          "sensitive_attributes": []
        }
      ]
    },
    {
      "mode": "data",
      "type": "alicloud_instance_types",
      "name": "c1g1",
      "provider": "provider[\"registry.terraform.io/aliyun/alicloud\"]",
      "instances": [
        {
          "schema_version": 0,
          "attributes": {
            "availability_zone": null,
            "cpu_core_count": 1,
            "eni_amount": null,
            "gpu_amount": null,
            "gpu_spec": null,
            "id": "2841493018",
            "ids": [
              "ecs.n1.tiny",
              "ecs.xn4.small",
              "ecs.t5-lc1m1.small",
              "ecs.s6-c1m1.small"
            ],
            "image_id": null,
            "instance_charge_type": "PostPaid",
            "instance_type_family": null,
            "instance_types": [
              {
                "availability_zones": [
                  "cn-zhangjiakou-a",
                  "cn-zhangjiakou-c"
                ],
                "burstable_instance": {
                  "baseline_credit": "0",
                  "initial_credit": "0"
                },
                "cpu_core_count": 1,
                "eni_amount": 1,
                "family": "ecs.n1",
                "gpu": {
                  "amount": "0",
                  "category": ""
                },
                "id": "ecs.n1.tiny",
                "local_storage": {
                  "amount": "0",
                  "capacity": "0",
                  "category": ""
                },
                "memory_size": 1,
                "price": ""
              },
              {
                "availability_zones": [
                  "cn-zhangjiakou-c"
                ],
                "burstable_instance": {
                  "baseline_credit": "0",
                  "initial_credit": "0"
                },
                "cpu_core_count": 1,
                "eni_amount": 2,
                "family": "ecs.xn4",
                "gpu": {
                  "amount": "0",
                  "category": ""
                },
                "id": "ecs.xn4.small",
                "local_storage": {
                  "amount": "0",
                  "capacity": "0",
                  "category": ""
                },
                "memory_size": 1,
                "price": ""
              },
              {
                "availability_zones": [
                  "cn-zhangjiakou-a",
                  "cn-zhangjiakou-b",
                  "cn-zhangjiakou-c"
                ],
                "burstable_instance": {
                  "baseline_credit": "20",
                  "initial_credit": "30"
                },
                "cpu_core_count": 1,
                "eni_amount": 2,
                "family": "ecs.t5",
                "gpu": {
                  "amount": "0",
                  "category": ""
                },
                "id": "ecs.t5-lc1m1.small",
                "local_storage": {
                  "amount": "0",
                  "capacity": "0",
                  "category": ""
                },
                "memory_size": 1,
                "price": ""
              },
              {
                "availability_zones": [
                  "cn-zhangjiakou-a",
                  "cn-zhangjiakou-b",
                  "cn-zhangjiakou-c"
                ],
                "burstable_instance": {
                  "baseline_credit": "0",
                  "initial_credit": "0"
                },
                "cpu_core_count": 1,
                "eni_amount": 2,
                "family": "ecs.s6",
                "gpu": {
                  "amount": "0",
                  "category": ""
                },
                "id": "ecs.s6-c1m1.small",
                "local_storage": {
                  "amount": "0",
                  "capacity": "0",
                  "category": ""
                },
                "memory_size": 1,
                "price": ""
              }
            ],
            "is_outdated": null,
            "kubernetes_node_role": null,
            "memory_size": 1,
            "network_type": null,
            "output_file": null,
            "sorted_by": null,
            "spot_strategy": "NoSpot",
            "system_disk_category": null
          },
          "sensitive_attributes": []
        }
      ]
    },
    {
      "mode": "managed",
      "type": "alicloud_instance",
      "name": "web",
      "provider": "provider[\"registry.terraform.io/aliyun/alicloud\"]",
      "instances": [
        {
          "schema_version": 0,
          "attributes": {
            "allocate_public_ip": null,
            "auto_release_time": "",
            "auto_renew_period": null,
            "availability_zone": "cn-zhangjiakou-a",
            "credit_specification": "",
            "data_disks": [],
            "deletion_protection": false,
            "deployment_set_group_no": null,
            "deployment_set_id": "",
            "description": "",
            "dry_run": false,
            "force_delete": null,
            "host_name": "iZ8vbijfvjj33nwvso6tzhZ",
            "hpc_cluster_id": "",
            "id": "i-8vbijfvjj33nwvso6tzh",
            "image_id": "ubuntu_20_04_x64_20G_alibase_20220428.vhd",
            "include_data_disks": null,
            "instance_charge_type": "PostPaid",
            "instance_name": "web1",
            "instance_type": "ecs.n1.tiny",
            "internet_charge_type": "PayByBandwidth",
            "internet_max_bandwidth_in": -1,
            "internet_max_bandwidth_out": 4,
            "io_optimized": null,
            "is_outdated": null,
            "key_name": "dongzh",
            "kms_encrypted_password": null,
            "kms_encryption_context": null,
            "operator_type": null,
            "password": "",
            "period": null,
            "period_unit": null,
            "private_ip": "10.44.1.155",
            "public_ip": "8.142.113.175",
            "renewal_status": null,
            "resource_group_id": "",
            "role_name": null,
            "secondary_private_ip_address_count": 0,
            "secondary_private_ips": [],
            "security_enhancement_strategy": null,
            "security_groups": [
              "sg-8vbhaog4wt03iqq7xpex"
            ],
            "spot_price_limit": 0,
            "spot_strategy": "NoSpot",
            "status": "Running",
            "subnet_id": "vsw-8vbrmlwa2ouiq370jfgfv",
            "system_disk_auto_snapshot_policy_id": "",
            "system_disk_category": "cloud_efficiency",
            "system_disk_description": null,
            "system_disk_name": null,
            "system_disk_performance_level": "",
            "system_disk_size": 45,
            "tags": null,
            "timeouts": null,
            "user_data": "#!/bin/bash\napt-get -y  update \napt-get install -y php7.4-fpm php7.4-mysql nginx\n\ncat \u003c\u003c'EOF' \u003e /etc/nginx/sites-available/default\nserver {\n\tlisten 80 default_server;\n\tlisten [::]:80 default_server;\n\n\troot /var/www/html;\n\n\tindex index.php index.html index.htm index.nginx-debian.html;\n\n\tserver_name _;\n\n\tlocation / {\n\t\ttry_files $uri $uri/ =404;\n\t}\n        # pass the PHP scripts to FastCGI server listening on 127.0.0.1:9000\n        location ~ \\.php$ {\n          try_files $uri =404;\n          fastcgi_pass unix:/run/php/php7.4-fpm.sock;\n          fastcgi_index index.php;\n          fastcgi_param SCRIPT_FILENAME $document_root$fastcgi_script_name;\n          include fastcgi_params;\n        }\n}\nEOF\n\nsystemctl enable php7.4-fpm \u0026\u0026 service php7.4-fpm restart\nsystemctl enable nginx \u0026\u0026 service nginx restart\n\ncd /var/www/html\ncat \u003c\u003c'EOF' \u003e a1.php\n\u003c?php\n  phpinfo( );\n?\u003e\nEOF\n\ncat \u003c\u003c'EOT' \u003e a2.php\n\u003c?php\n  echo 1+3;\n?\u003e\nEOT\n\n\n",
            "volume_tags": {},
            "vswitch_id": "vsw-8vbrmlwa2ouiq370jfgfv"
          },
          "sensitive_attributes": [],
          "private": "eyJlMmJmYjczMC1lY2FhLTExZTYtOGY4OC0zNDM2M2JjN2M0YzAiOnsiY3JlYXRlIjo2MDAwMDAwMDAwMDAsImRlbGV0ZSI6MTIwMDAwMDAwMDAwMCwidXBkYXRlIjo2MDAwMDAwMDAwMDB9fQ==",
          "dependencies": [
            "alicloud_security_group.default",
            "data.alicloud_ecs_key_pairs.ali1",
            "data.alicloud_images.default",
            "data.alicloud_instance_types.c1g1"
          ]
        }
      ]
    },
    {
      "mode": "managed",
      "type": "alicloud_security_group",
      "name": "default",
      "provider": "provider[\"registry.terraform.io/aliyun/alicloud\"]",
      "instances": [
        {
          "schema_version": 0,
          "attributes": {
            "description": "default",
            "id": "sg-8vbhaog4wt03iqq7xpex",
            "inner_access": true,
            "inner_access_policy": "Accept",
            "name": "default",
            "resource_group_id": "",
            "security_group_type": "normal",
            "tags": null,
            "vpc_id": "vpc-8vberb7dmsdjrfg9j2zwq"
          },
          "sensitive_attributes": [],
          "private": "bnVsbA=="
        }
      ]
    },
    {
      "mode": "managed",
      "type": "alicloud_security_group_rule",
      "name": "allow_all_tcp",
      "provider": "provider[\"registry.terraform.io/aliyun/alicloud\"]",
      "instances": [
        {
          "schema_version": 0,
          "attributes": {
            "cidr_ip": "0.0.0.0/0",
            "description": "",
            "id": "sg-8vbhaog4wt03iqq7xpex:ingress:tcp:1/1024:intranet:0.0.0.0/0:accept:1",
            "ip_protocol": "tcp",
            "nic_type": "intranet",
            "policy": "accept",
            "port_range": "1/1024",
            "prefix_list_id": "",
            "priority": 1,
            "security_group_id": "sg-8vbhaog4wt03iqq7xpex",
            "source_group_owner_account": "",
            "source_security_group_id": "",
            "type": "ingress"
          },
          "sensitive_attributes": [],
          "private": "bnVsbA==",
          "dependencies": [
            "alicloud_security_group.default"
          ]
        }
      ]
    }
  ]
}
